// !$*UTF8*$!
{
	archiveVersion = 1;
	classes = {
	};
	objectVersion = 70;
	objects = {

/* Begin PBXBuildFile section */
		1A0FE63C2C9DF8D300B23A55 /* services.swift in Sources */ = {isa = PBXBuildFile; fileRef = 1A0FE63B2C9DF8C900B23A55 /* services.swift */; };
		1A1161132C9E01E900A402D7 /* mapsViewController.swift in Sources */ = {isa = PBXBuildFile; fileRef = 1A1161122C9E01E200A402D7 /* mapsViewController.swift */; };
		1A1161152C9E519B00A402D7 /* responseStruct.swift in Sources */ = {isa = PBXBuildFile; fileRef = 1A1161142C9E519400A402D7 /* responseStruct.swift */; };
		1A9F5BA32CA26E9B000B7471 /* historyViewController.swift in Sources */ = {isa = PBXBuildFile; fileRef = 1A9F5BA22CA26E92000B7471 /* historyViewController.swift */; };
		1A9F5BA52CA2780F000B7471 /* weatherCell.swift in Sources */ = {isa = PBXBuildFile; fileRef = 1A9F5BA42CA27805000B7471 /* weatherCell.swift */; };
		1AD013FC2C9D7CCF004B201E /* AppDelegate.swift in Sources */ = {isa = PBXBuildFile; fileRef = 1AD013F22C9D7CCF004B201E /* AppDelegate.swift */; };
		1AD013FD2C9D7CCF004B201E /* SceneDelegate.swift in Sources */ = {isa = PBXBuildFile; fileRef = 1AD013F92C9D7CCF004B201E /* SceneDelegate.swift */; };
		1AD013FE2C9D7CCF004B201E /* ViewController.swift in Sources */ = {isa = PBXBuildFile; fileRef = 1AD013FA2C9D7CCF004B201E /* ViewController.swift */; };
		1AD013FF2C9D7CCF004B201E /* Assets.xcassets in Resources */ = {isa = PBXBuildFile; fileRef = 1AD013F32C9D7CCF004B201E /* Assets.xcassets */; };
		1AD014012C9D7CCF004B201E /* LaunchScreen.storyboard in Resources */ = {isa = PBXBuildFile; fileRef = 1AD013F62C9D7CCF004B201E /* LaunchScreen.storyboard */; };
		1AD014022C9D7CCF004B201E /* Main.storyboard in Resources */ = {isa = PBXBuildFile; fileRef = 1AD013F82C9D7CCF004B201E /* Main.storyboard */; };
		BB717320D1AC08ED4CFCABA7 /* Pods_test.framework in Frameworks */ = {isa = PBXBuildFile; fileRef = 387F019FBC5AB05E0CA0EF31 /* Pods_test.framework */; };
/* End PBXBuildFile section */

/* Begin PBXContainerItemProxy section */
		1A68A7132CA2B4D0008C0826 /* PBXContainerItemProxy */ = {
			isa = PBXContainerItemProxy;
			containerPortal = 1A2A8A3D2C9D735E00E601C4 /* Project object */;
			proxyType = 1;
			remoteGlobalIDString = 1A2A8A442C9D735E00E601C4;
			remoteInfo = test;
		};
/* End PBXContainerItemProxy section */

/* Begin PBXFileReference section */
		1A0FE63B2C9DF8C900B23A55 /* services.swift */ = {isa = PBXFileReference; lastKnownFileType = sourcecode.swift; path = services.swift; sourceTree = "<group>"; };
		1A1161122C9E01E200A402D7 /* mapsViewController.swift */ = {isa = PBXFileReference; lastKnownFileType = sourcecode.swift; path = mapsViewController.swift; sourceTree = "<group>"; };
		1A1161142C9E519400A402D7 /* responseStruct.swift */ = {isa = PBXFileReference; lastKnownFileType = sourcecode.swift; path = responseStruct.swift; sourceTree = "<group>"; };
		1A2A8A452C9D735E00E601C4 /* test.app */ = {isa = PBXFileReference; explicitFileType = wrapper.application; includeInIndex = 0; path = test.app; sourceTree = BUILT_PRODUCTS_DIR; };
		1A68A70D2CA2B4D0008C0826 /* testUITests.xctest */ = {isa = PBXFileReference; explicitFileType = wrapper.cfbundle; includeInIndex = 0; path = testUITests.xctest; sourceTree = BUILT_PRODUCTS_DIR; };
		1A9F5BA22CA26E92000B7471 /* historyViewController.swift */ = {isa = PBXFileReference; lastKnownFileType = sourcecode.swift; path = historyViewController.swift; sourceTree = "<group>"; };
		1A9F5BA42CA27805000B7471 /* weatherCell.swift */ = {isa = PBXFileReference; lastKnownFileType = sourcecode.swift; path = weatherCell.swift; sourceTree = "<group>"; };
		1AD013F22C9D7CCF004B201E /* AppDelegate.swift */ = {isa = PBXFileReference; lastKnownFileType = sourcecode.swift; path = AppDelegate.swift; sourceTree = "<group>"; };
		1AD013F32C9D7CCF004B201E /* Assets.xcassets */ = {isa = PBXFileReference; lastKnownFileType = folder.assetcatalog; path = Assets.xcassets; sourceTree = "<group>"; };
		1AD013F42C9D7CCF004B201E /* Info.plist */ = {isa = PBXFileReference; lastKnownFileType = text.plist.xml; path = Info.plist; sourceTree = "<group>"; };
		1AD013F52C9D7CCF004B201E /* Base */ = {isa = PBXFileReference; lastKnownFileType = file.storyboard; name = Base; path = Base.lproj/LaunchScreen.storyboard; sourceTree = "<group>"; };
		1AD013F72C9D7CCF004B201E /* Base */ = {isa = PBXFileReference; lastKnownFileType = file.storyboard; name = Base; path = Base.lproj/Main.storyboard; sourceTree = "<group>"; };
		1AD013F92C9D7CCF004B201E /* SceneDelegate.swift */ = {isa = PBXFileReference; lastKnownFileType = sourcecode.swift; path = SceneDelegate.swift; sourceTree = "<group>"; };
		1AD013FA2C9D7CCF004B201E /* ViewController.swift */ = {isa = PBXFileReference; lastKnownFileType = sourcecode.swift; path = ViewController.swift; sourceTree = "<group>"; };
		1E8CDFDD8A5E16923A689417 /* Pods-test.debug.xcconfig */ = {isa = PBXFileReference; includeInIndex = 1; lastKnownFileType = text.xcconfig; name = "Pods-test.debug.xcconfig"; path = "Target Support Files/Pods-test/Pods-test.debug.xcconfig"; sourceTree = "<group>"; };
		387F019FBC5AB05E0CA0EF31 /* Pods_test.framework */ = {isa = PBXFileReference; explicitFileType = wrapper.framework; includeInIndex = 0; path = Pods_test.framework; sourceTree = BUILT_PRODUCTS_DIR; };
		EEF5FF6749651E1BC0EB3AE2 /* Pods-test.release.xcconfig */ = {isa = PBXFileReference; includeInIndex = 1; lastKnownFileType = text.xcconfig; name = "Pods-test.release.xcconfig"; path = "Target Support Files/Pods-test/Pods-test.release.xcconfig"; sourceTree = "<group>"; };
/* End PBXFileReference section */

/* Begin PBXFileSystemSynchronizedRootGroup section */
		1A68A70E2CA2B4D0008C0826 /* testUITests */ = {isa = PBXFileSystemSynchronizedRootGroup; explicitFileTypes = {}; explicitFolders = (); path = testUITests; sourceTree = "<group>"; };
/* End PBXFileSystemSynchronizedRootGroup section */

/* Begin PBXFrameworksBuildPhase section */
		1A2A8A422C9D735E00E601C4 /* Frameworks */ = {
			isa = PBXFrameworksBuildPhase;
			buildActionMask = 2147483647;
			files = (
				BB717320D1AC08ED4CFCABA7 /* Pods_test.framework in Frameworks */,
			);
			runOnlyForDeploymentPostprocessing = 0;
		};
		1A68A70A2CA2B4D0008C0826 /* Frameworks */ = {
			isa = PBXFrameworksBuildPhase;
			buildActionMask = 2147483647;
			files = (
			);
			runOnlyForDeploymentPostprocessing = 0;
		};
/* End PBXFrameworksBuildPhase section */

/* Begin PBXGroup section */
		1A2A8A3C2C9D735E00E601C4 = {
			isa = PBXGroup;
			children = (
				1AD013FB2C9D7CCF004B201E /* test */,
				1A68A70E2CA2B4D0008C0826 /* testUITests */,
				1A2A8A462C9D735E00E601C4 /* Products */,
				C57D2190DB06C8DA02DD5403 /* Pods */,
				97AA5886CD945FB21F7C39DD /* Frameworks */,
			);
			sourceTree = "<group>";
		};
		1A2A8A462C9D735E00E601C4 /* Products */ = {
			isa = PBXGroup;
			children = (
				1A2A8A452C9D735E00E601C4 /* test.app */,
				1A68A70D2CA2B4D0008C0826 /* testUITests.xctest */,
			);
			name = Products;
			sourceTree = "<group>";
		};
		1AD013FB2C9D7CCF004B201E /* test */ = {
			isa = PBXGroup;
			children = (
				1A9F5BA42CA27805000B7471 /* weatherCell.swift */,
				1A1161142C9E519400A402D7 /* responseStruct.swift */,
				1A0FE63B2C9DF8C900B23A55 /* services.swift */,
				1AD013F32C9D7CCF004B201E /* Assets.xcassets */,
				1AD013F42C9D7CCF004B201E /* Info.plist */,
				1AD013F62C9D7CCF004B201E /* LaunchScreen.storyboard */,
				1AD013F82C9D7CCF004B201E /* Main.storyboard */,
				1AD013F92C9D7CCF004B201E /* SceneDelegate.swift */,
				1AD013F22C9D7CCF004B201E /* AppDelegate.swift */,
				1A9F5BA22CA26E92000B7471 /* historyViewController.swift */,
				1A1161122C9E01E200A402D7 /* mapsViewController.swift */,
				1AD013FA2C9D7CCF004B201E /* ViewController.swift */,
			);
			path = test;
			sourceTree = "<group>";
		};
		97AA5886CD945FB21F7C39DD /* Frameworks */ = {
			isa = PBXGroup;
			children = (
				387F019FBC5AB05E0CA0EF31 /* Pods_test.framework */,
			);
			name = Frameworks;
			sourceTree = "<group>";
		};
		C57D2190DB06C8DA02DD5403 /* Pods */ = {
			isa = PBXGroup;
			children = (
				1E8CDFDD8A5E16923A689417 /* Pods-test.debug.xcconfig */,
				EEF5FF6749651E1BC0EB3AE2 /* Pods-test.release.xcconfig */,
			);
			path = Pods;
			sourceTree = "<group>";
		};
/* End PBXGroup section */

/* Begin PBXNativeTarget section */
		1A2A8A442C9D735E00E601C4 /* test */ = {
			isa = PBXNativeTarget;
			buildConfigurationList = 1A2A8A582C9D736100E601C4 /* Build configuration list for PBXNativeTarget "test" */;
			buildPhases = (
				FD9E0AC5EBFAA7180F1337E6 /* [CP] Check Pods Manifest.lock */,
				1A2A8A412C9D735E00E601C4 /* Sources */,
				1A2A8A422C9D735E00E601C4 /* Frameworks */,
				1A2A8A432C9D735E00E601C4 /* Resources */,
				3AC62E50F3ABC0B48EAEB170 /* [CP] Embed Pods Frameworks */,
			);
			buildRules = (
			);
			dependencies = (
			);
			name = test;
			productName = test;
			productReference = 1A2A8A452C9D735E00E601C4 /* test.app */;
			productType = "com.apple.product-type.application";
		};
		1A68A70C2CA2B4D0008C0826 /* testUITests */ = {
			isa = PBXNativeTarget;
			buildConfigurationList = 1A68A7172CA2B4D0008C0826 /* Build configuration list for PBXNativeTarget "testUITests" */;
			buildPhases = (
				1A68A7092CA2B4D0008C0826 /* Sources */,
				1A68A70A2CA2B4D0008C0826 /* Frameworks */,
				1A68A70B2CA2B4D0008C0826 /* Resources */,
			);
			buildRules = (
			);
			dependencies = (
				1A68A7142CA2B4D0008C0826 /* PBXTargetDependency */,
			);
			fileSystemSynchronizedGroups = (
				1A68A70E2CA2B4D0008C0826 /* testUITests */,
			);
			name = testUITests;
			packageProductDependencies = (
			);
			productName = testUITests;
			productReference = 1A68A70D2CA2B4D0008C0826 /* testUITests.xctest */;
			productType = "com.apple.product-type.bundle.ui-testing";
		};
/* End PBXNativeTarget section */

/* Begin PBXProject section */
		1A2A8A3D2C9D735E00E601C4 /* Project object */ = {
			isa = PBXProject;
			attributes = {
				BuildIndependentTargetsInParallel = 1;
				LastSwiftUpdateCheck = 1600;
				LastUpgradeCheck = 1600;
				TargetAttributes = {
					1A2A8A442C9D735E00E601C4 = {
						CreatedOnToolsVersion = 16.0;
					};
					1A68A70C2CA2B4D0008C0826 = {
						CreatedOnToolsVersion = 16.0;
						TestTargetID = 1A2A8A442C9D735E00E601C4;
					};
				};
			};
			buildConfigurationList = 1A2A8A402C9D735E00E601C4 /* Build configuration list for PBXProject "test" */;
			compatibilityVersion = "Xcode 15.0";
			developmentRegion = en;
			hasScannedForEncodings = 0;
			knownRegions = (
				en,
				Base,
			);
			mainGroup = 1A2A8A3C2C9D735E00E601C4;
			minimizedProjectReferenceProxies = 1;
			productRefGroup = 1A2A8A462C9D735E00E601C4 /* Products */;
			projectDirPath = "";
			projectRoot = "";
			targets = (
				1A2A8A442C9D735E00E601C4 /* test */,
				1A68A70C2CA2B4D0008C0826 /* testUITests */,
			);
		};
/* End PBXProject section */

/* Begin PBXResourcesBuildPhase section */
		1A2A8A432C9D735E00E601C4 /* Resources */ = {
			isa = PBXResourcesBuildPhase;
			buildActionMask = 2147483647;
			files = (
				1AD013FF2C9D7CCF004B201E /* Assets.xcassets in Resources */,
				1AD014012C9D7CCF004B201E /* LaunchScreen.storyboard in Resources */,
				1AD014022C9D7CCF004B201E /* Main.storyboard in Resources */,
			);
			runOnlyForDeploymentPostprocessing = 0;
		};
		1A68A70B2CA2B4D0008C0826 /* Resources */ = {
			isa = PBXResourcesBuildPhase;
			buildActionMask = 2147483647;
			files = (
			);
			runOnlyForDeploymentPostprocessing = 0;
		};
/* End PBXResourcesBuildPhase section */

/* Begin PBXShellScriptBuildPhase section */
		3AC62E50F3ABC0B48EAEB170 /* [CP] Embed Pods Frameworks */ = {
			isa = PBXShellScriptBuildPhase;
			buildActionMask = 2147483647;
			files = (
			);
			inputFileListPaths = (
				"${PODS_ROOT}/Target Support Files/Pods-test/Pods-test-frameworks-${CONFIGURATION}-input-files.xcfilelist",
			);
			name = "[CP] Embed Pods Frameworks";
			outputFileListPaths = (
				"${PODS_ROOT}/Target Support Files/Pods-test/Pods-test-frameworks-${CONFIGURATION}-output-files.xcfilelist",
			);
			runOnlyForDeploymentPostprocessing = 0;
			shellPath = /bin/sh;
			shellScript = "\"${PODS_ROOT}/Target Support Files/Pods-test/Pods-test-frameworks.sh\"\n";
			showEnvVarsInLog = 0;
		};
		FD9E0AC5EBFAA7180F1337E6 /* [CP] Check Pods Manifest.lock */ = {
			isa = PBXShellScriptBuildPhase;
			buildActionMask = 2147483647;
			files = (
			);
			inputFileListPaths = (
			);
			inputPaths = (
				"${PODS_PODFILE_DIR_PATH}/Podfile.lock",
				"${PODS_ROOT}/Manifest.lock",
			);
			name = "[CP] Check Pods Manifest.lock";
			outputFileListPaths = (
			);
			outputPaths = (
				"$(DERIVED_FILE_DIR)/Pods-test-checkManifestLockResult.txt",
			);
			runOnlyForDeploymentPostprocessing = 0;
			shellPath = /bin/sh;
			shellScript = "diff \"${PODS_PODFILE_DIR_PATH}/Podfile.lock\" \"${PODS_ROOT}/Manifest.lock\" > /dev/null\nif [ $? != 0 ] ; then\n    # print error to STDERR\n    echo \"error: The sandbox is not in sync with the Podfile.lock. Run 'pod install' or update your CocoaPods installation.\" >&2\n    exit 1\nfi\n# This output is used by Xcode 'outputs' to avoid re-running this script phase.\necho \"SUCCESS\" > \"${SCRIPT_OUTPUT_FILE_0}\"\n";
			showEnvVarsInLog = 0;
		};
/* End PBXShellScriptBuildPhase section */

/* Begin PBXSourcesBuildPhase section */
		1A2A8A412C9D735E00E601C4 /* Sources */ = {
			isa = PBXSourcesBuildPhase;
			buildActionMask = 2147483647;
			files = (
				1AD013FC2C9D7CCF004B201E /* AppDelegate.swift in Sources */,
				1A1161152C9E519B00A402D7 /* responseStruct.swift in Sources */,
				1A0FE63C2C9DF8D300B23A55 /* services.swift in Sources */,
				1A9F5BA32CA26E9B000B7471 /* historyViewController.swift in Sources */,
				1AD013FD2C9D7CCF004B201E /* SceneDelegate.swift in Sources */,
				1A1161132C9E01E900A402D7 /* mapsViewController.swift in Sources */,
				1AD013FE2C9D7CCF004B201E /* ViewController.swift in Sources */,
				1A9F5BA52CA2780F000B7471 /* weatherCell.swift in Sources */,
			);
			runOnlyForDeploymentPostprocessing = 0;
		};
		1A68A7092CA2B4D0008C0826 /* Sources */ = {
			isa = PBXSourcesBuildPhase;
			buildActionMask = 2147483647;
			files = (
			);
			runOnlyForDeploymentPostprocessing = 0;
		};
/* End PBXSourcesBuildPhase section */

/* Begin PBXTargetDependency section */
		1A68A7142CA2B4D0008C0826 /* PBXTargetDependency */ = {
			isa = PBXTargetDependency;
			target = 1A2A8A442C9D735E00E601C4 /* test */;
			targetProxy = 1A68A7132CA2B4D0008C0826 /* PBXContainerItemProxy */;
		};
/* End PBXTargetDependency section */

/* Begin PBXVariantGroup section */
		1AD013F62C9D7CCF004B201E /* LaunchScreen.storyboard */ = {
			isa = PBXVariantGroup;
			children = (
				1AD013F52C9D7CCF004B201E /* Base */,
			);
			name = LaunchScreen.storyboard;
			sourceTree = "<group>";
		};
		1AD013F82C9D7CCF004B201E /* Main.storyboard */ = {
			isa = PBXVariantGroup;
			children = (
				1AD013F72C9D7CCF004B201E /* Base */,
			);
			name = Main.storyboard;
			sourceTree = "<group>";
		};
/* End PBXVariantGroup section */

/* Begin XCBuildConfiguration section */
		1A2A8A592C9D736100E601C4 /* Debug */ = {
			isa = XCBuildConfiguration;
			baseConfigurationReference = 1E8CDFDD8A5E16923A689417 /* Pods-test.debug.xcconfig */;
			buildSettings = {
				ASSETCATALOG_COMPILER_APPICON_NAME = AppIcon;
				ASSETCATALOG_COMPILER_GLOBAL_ACCENT_COLOR_NAME = AccentColor;
				CODE_SIGN_STYLE = Automatic;
				CURRENT_PROJECT_VERSION = 1;
				DEVELOPMENT_TEAM = 72LR59Q4C2;
				GENERATE_INFOPLIST_FILE = YES;
				INFOPLIST_FILE = test/Info.plist;
				INFOPLIST_KEY_UIApplicationSupportsIndirectInputEvents = YES;
				INFOPLIST_KEY_UILaunchStoryboardName = LaunchScreen;
				INFOPLIST_KEY_UIMainStoryboardFile = Main;
				INFOPLIST_KEY_UISupportedInterfaceOrientations_iPad = "UIInterfaceOrientationPortrait UIInterfaceOrientationPortraitUpsideDown UIInterfaceOrientationLandscapeLeft UIInterfaceOrientationLandscapeRight";
				INFOPLIST_KEY_UISupportedInterfaceOrientations_iPhone = "UIInterfaceOrientationPortrait UIInterfaceOrientationLandscapeLeft UIInterfaceOrientationLandscapeRight";
				LD_RUNPATH_SEARCH_PATHS = (
					"$(inherited)",
					"@executable_path/Frameworks",
				);
				MARKETING_VERSION = 1.0;
				PRODUCT_BUNDLE_IDENTIFIER = com.test.TestNativeLab1.test;
				PRODUCT_NAME = "$(TARGET_NAME)";
				SWIFT_EMIT_LOC_STRINGS = YES;
				SWIFT_VERSION = 5.0;
				TARGETED_DEVICE_FAMILY = "1,2";
			};
			name = Debug;
		};
		1A2A8A5A2C9D736100E601C4 /* Release */ = {
			isa = XCBuildConfiguration;
			baseConfigurationReference = EEF5FF6749651E1BC0EB3AE2 /* Pods-test.release.xcconfig */;
			buildSettings = {
				ASSETCATALOG_COMPILER_APPICON_NAME = AppIcon;
				ASSETCATALOG_COMPILER_GLOBAL_ACCENT_COLOR_NAME = AccentColor;
				CODE_SIGN_STYLE = Automatic;
				CURRENT_PROJECT_VERSION = 1;
				DEVELOPMENT_TEAM = 72LR59Q4C2;
				GENERATE_INFOPLIST_FILE = YES;
				INFOPLIST_FILE = test/Info.plist;
				INFOPLIST_KEY_UIApplicationSupportsIndirectInputEvents = YES;
				INFOPLIST_KEY_UILaunchStoryboardName = LaunchScreen;
				INFOPLIST_KEY_UIMainStoryboardFile = Main;
				INFOPLIST_KEY_UISupportedInterfaceOrientations_iPad = "UIInterfaceOrientationPortrait UIInterfaceOrientationPortraitUpsideDown UIInterfaceOrientationLandscapeLeft UIInterfaceOrientationLandscapeRight";
				INFOPLIST_KEY_UISupportedInterfaceOrientations_iPhone = "UIInterfaceOrientationPortrait UIInterfaceOrientationLandscapeLeft UIInterfaceOrientationLandscapeRight";
				LD_RUNPATH_SEARCH_PATHS = (
					"$(inherited)",
					"@executable_path/Frameworks",
				);
				MARKETING_VERSION = 1.0;
				PRODUCT_BUNDLE_IDENTIFIER = com.test.TestNativeLab1.test;
				PRODUCT_NAME = "$(TARGET_NAME)";
				SWIFT_EMIT_LOC_STRINGS = YES;
				SWIFT_VERSION = 5.0;
				TARGETED_DEVICE_FAMILY = "1,2";
			};
			name = Release;
		};
		1A2A8A5B2C9D736100E601C4 /* Debug */ = {
			isa = XCBuildConfiguration;
			buildSettings = {
				ALWAYS_SEARCH_USER_PATHS = NO;
				ASSETCATALOG_COMPILER_GENERATE_SWIFT_ASSET_SYMBOL_EXTENSIONS = YES;
				CLANG_ANALYZER_NONNULL = YES;
				CLANG_ANALYZER_NUMBER_OBJECT_CONVERSION = YES_AGGRESSIVE;
				CLANG_CXX_LANGUAGE_STANDARD = "gnu++20";
				CLANG_ENABLE_MODULES = YES;
				CLANG_ENABLE_OBJC_ARC = YES;
				CLANG_ENABLE_OBJC_WEAK = YES;
				CLANG_WARN_BLOCK_CAPTURE_AUTORELEASING = YES;
				CLANG_WARN_BOOL_CONVERSION = YES;
				CLANG_WARN_COMMA = YES;
				CLANG_WARN_CONSTANT_CONVERSION = YES;
				CLANG_WARN_DEPRECATED_OBJC_IMPLEMENTATIONS = YES;
				CLANG_WARN_DIRECT_OBJC_ISA_USAGE = YES_ERROR;
				CLANG_WARN_DOCUMENTATION_COMMENTS = YES;
				CLANG_WARN_EMPTY_BODY = YES;
				CLANG_WARN_ENUM_CONVERSION = YES;
				CLANG_WARN_INFINITE_RECURSION = YES;
				CLANG_WARN_INT_CONVERSION = YES;
				CLANG_WARN_NON_LITERAL_NULL_CONVERSION = YES;
				CLANG_WARN_OBJC_IMPLICIT_RETAIN_SELF = YES;
				CLANG_WARN_OBJC_LITERAL_CONVERSION = YES;
				CLANG_WARN_OBJC_ROOT_CLASS = YES_ERROR;
				CLANG_WARN_QUOTED_INCLUDE_IN_FRAMEWORK_HEADER = YES;
				CLANG_WARN_RANGE_LOOP_ANALYSIS = YES;
				CLANG_WARN_STRICT_PROTOTYPES = YES;
				CLANG_WARN_SUSPICIOUS_MOVE = YES;
				CLANG_WARN_UNGUARDED_AVAILABILITY = YES_AGGRESSIVE;
				CLANG_WARN_UNREACHABLE_CODE = YES;
				CLANG_WARN__DUPLICATE_METHOD_MATCH = YES;
				COPY_PHASE_STRIP = NO;
				DEBUG_INFORMATION_FORMAT = dwarf;
				ENABLE_STRICT_OBJC_MSGSEND = YES;
				ENABLE_TESTABILITY = YES;
				ENABLE_USER_SCRIPT_SANDBOXING = NO;
				GCC_C_LANGUAGE_STANDARD = gnu17;
				GCC_DYNAMIC_NO_PIC = NO;
				GCC_NO_COMMON_BLOCKS = YES;
				GCC_OPTIMIZATION_LEVEL = 0;
				GCC_PREPROCESSOR_DEFINITIONS = (
					"DEBUG=1",
					"$(inherited)",
				);
				GCC_WARN_64_TO_32_BIT_CONVERSION = YES;
				GCC_WARN_ABOUT_RETURN_TYPE = YES_ERROR;
				GCC_WARN_UNDECLARED_SELECTOR = YES;
				GCC_WARN_UNINITIALIZED_AUTOS = YES_AGGRESSIVE;
				GCC_WARN_UNUSED_FUNCTION = YES;
				GCC_WARN_UNUSED_VARIABLE = YES;
				IPHONEOS_DEPLOYMENT_TARGET = 18.0;
				LOCALIZATION_PREFERS_STRING_CATALOGS = YES;
				MTL_ENABLE_DEBUG_INFO = INCLUDE_SOURCE;
				MTL_FAST_MATH = YES;
				ONLY_ACTIVE_ARCH = YES;
				SDKROOT = iphoneos;
				SWIFT_ACTIVE_COMPILATION_CONDITIONS = "DEBUG $(inherited)";
				SWIFT_OPTIMIZATION_LEVEL = "-Onone";
			};
			name = Debug;
		};
		1A2A8A5C2C9D736100E601C4 /* Release */ = {
			isa = XCBuildConfiguration;
			buildSettings = {
				ALWAYS_SEARCH_USER_PATHS = NO;
				ASSETCATALOG_COMPILER_GENERATE_SWIFT_ASSET_SYMBOL_EXTENSIONS = YES;
				CLANG_ANALYZER_NONNULL = YES;
				CLANG_ANALYZER_NUMBER_OBJECT_CONVERSION = YES_AGGRESSIVE;
				CLANG_CXX_LANGUAGE_STANDARD = "gnu++20";
				CLANG_ENABLE_MODULES = YES;
				CLANG_ENABLE_OBJC_ARC = YES;
				CLANG_ENABLE_OBJC_WEAK = YES;
				CLANG_WARN_BLOCK_CAPTURE_AUTORELEASING = YES;
				CLANG_WARN_BOOL_CONVERSION = YES;
				CLANG_WARN_COMMA = YES;
				CLANG_WARN_CONSTANT_CONVERSION = YES;
				CLANG_WARN_DEPRECATED_OBJC_IMPLEMENTATIONS = YES;
				CLANG_WARN_DIRECT_OBJC_ISA_USAGE = YES_ERROR;
				CLANG_WARN_DOCUMENTATION_COMMENTS = YES;
				CLANG_WARN_EMPTY_BODY = YES;
				CLANG_WARN_ENUM_CONVERSION = YES;
				CLANG_WARN_INFINITE_RECURSION = YES;
				CLANG_WARN_INT_CONVERSION = YES;
				CLANG_WARN_NON_LITERAL_NULL_CONVERSION = YES;
				CLANG_WARN_OBJC_IMPLICIT_RETAIN_SELF = YES;
				CLANG_WARN_OBJC_LITERAL_CONVERSION = YES;
				CLANG_WARN_OBJC_ROOT_CLASS = YES_ERROR;
				CLANG_WARN_QUOTED_INCLUDE_IN_FRAMEWORK_HEADER = YES;
				CLANG_WARN_RANGE_LOOP_ANALYSIS = YES;
				CLANG_WARN_STRICT_PROTOTYPES = YES;
				CLANG_WARN_SUSPICIOUS_MOVE = YES;
				CLANG_WARN_UNGUARDED_AVAILABILITY = YES_AGGRESSIVE;
				CLANG_WARN_UNREACHABLE_CODE = YES;
				CLANG_WARN__DUPLICATE_METHOD_MATCH = YES;
				COPY_PHASE_STRIP = NO;
				DEBUG_INFORMATION_FORMAT = "dwarf-with-dsym";
				ENABLE_NS_ASSERTIONS = NO;
				ENABLE_STRICT_OBJC_MSGSEND = YES;
				ENABLE_USER_SCRIPT_SANDBOXING = NO;
				GCC_C_LANGUAGE_STANDARD = gnu17;
				GCC_NO_COMMON_BLOCKS = YES;
				GCC_WARN_64_TO_32_BIT_CONVERSION = YES;
				GCC_WARN_ABOUT_RETURN_TYPE = YES_ERROR;
				GCC_WARN_UNDECLARED_SELECTOR = YES;
				GCC_WARN_UNINITIALIZED_AUTOS = YES_AGGRESSIVE;
				GCC_WARN_UNUSED_FUNCTION = YES;
				GCC_WARN_UNUSED_VARIABLE = YES;
				IPHONEOS_DEPLOYMENT_TARGET = 18.0;
				LOCALIZATION_PREFERS_STRING_CATALOGS = YES;
				MTL_ENABLE_DEBUG_INFO = NO;
				MTL_FAST_MATH = YES;
				SDKROOT = iphoneos;
				SWIFT_COMPILATION_MODE = wholemodule;
				VALIDATE_PRODUCT = YES;
			};
			name = Release;
		};
		1A68A7152CA2B4D0008C0826 /* Debug */ = {
			isa = XCBuildConfiguration;
			buildSettings = {
				CODE_SIGN_STYLE = Automatic;
				CURRENT_PROJECT_VERSION = 1;
				DEVELOPMENT_TEAM = 72LR59Q4C2;
				ENABLE_USER_SCRIPT_SANDBOXING = YES;
				GENERATE_INFOPLIST_FILE = YES;
				MARKETING_VERSION = 1.0;
				PRODUCT_BUNDLE_IDENTIFIER = com.test.TestNativeLab1.testUITests;
				PRODUCT_NAME = "$(TARGET_NAME)";
				SWIFT_EMIT_LOC_STRINGS = NO;
				SWIFT_VERSION = 5.0;
				TARGETED_DEVICE_FAMILY = "1,2";
				TEST_TARGET_NAME = test;
			};
			name = Debug;
		};
		1A68A7162CA2B4D0008C0826 /* Release */ = {
			isa = XCBuildConfiguration;
			buildSettings = {
				CODE_SIGN_STYLE = Automatic;
				CURRENT_PROJECT_VERSION = 1;
				DEVELOPMENT_TEAM = 72LR59Q4C2;
				ENABLE_USER_SCRIPT_SANDBOXING = YES;
				GENERATE_INFOPLIST_FILE = YES;
				MARKETING_VERSION = 1.0;
				PRODUCT_BUNDLE_IDENTIFIER = com.test.TestNativeLab1.testUITests;
				PRODUCT_NAME = "$(TARGET_NAME)";
				SWIFT_EMIT_LOC_STRINGS = NO;
				SWIFT_VERSION = 5.0;
				TARGETED_DEVICE_FAMILY = "1,2";
				TEST_TARGET_NAME = test;
			};
			name = Release;
		};
/* End XCBuildConfiguration section */

/* Begin XCConfigurationList section */
		1A2A8A402C9D735E00E601C4 /* Build configuration list for PBXProject "test" */ = {
			isa = XCConfigurationList;
			buildConfigurations = (
				1A2A8A5B2C9D736100E601C4 /* Debug */,
				1A2A8A5C2C9D736100E601C4 /* Release */,
			);
			defaultConfigurationIsVisible = 0;
			defaultConfigurationName = Release;
		};
		1A2A8A582C9D736100E601C4 /* Build configuration list for PBXNativeTarget "test" */ = {
			isa = XCConfigurationList;
			buildConfigurations = (
				1A2A8A592C9D736100E601C4 /* Debug */,
				1A2A8A5A2C9D736100E601C4 /* Release */,
			);
			defaultConfigurationIsVisible = 0;
			defaultConfigurationName = Release;
		};
		1A68A7172CA2B4D0008C0826 /* Build configuration list for PBXNativeTarget "testUITests" */ = {
			isa = XCConfigurationList;
			buildConfigurations = (
				1A68A7152CA2B4D0008C0826 /* Debug */,
				1A68A7162CA2B4D0008C0826 /* Release */,
			);
			defaultConfigurationIsVisible = 0;
			defaultConfigurationName = Release;
		};
/* End XCConfigurationList section */
	};
	rootObject = 1A2A8A3D2C9D735E00E601C4 /* Project object */;
}
